
Microsoft Visual Studio Solution File, Format Version 12.00
# Visual Studio Version 17
VisualStudioVersion = 17.12.35527.113 d17.12
MinimumVisualStudioVersion = 10.0.40219.1
Project("{9A19103F-16F7-4668-BE54-9A1E7A4F7556}") = "Optix_Sample_UsersGroupsRoles", "Optix_Sample_UsersGroupsRoles.csproj", "{E79424D8-F081-64F9-2656-9BEE71626660}"
EndProject
Global
	GlobalSection(SolutionConfigurationPlatforms) = preSolution
		Debug|Any CPU = Debug|Any CPU
		Release|Any CPU = Release|Any CPU
	EndGlobalSection
	GlobalSection(ProjectConfigurationPlatforms) = postSolution
		{E79424D8-F081-64F9-2656-9BEE71626660}.Debug|Any CPU.ActiveCfg = Debug|Any CPU
		{E79424D8-F081-64F9-2656-9BEE71626660}.Debug|Any CPU.Build.0 = Debug|Any CPU
		{E79424D8-F081-64F9-2656-9BEE71626660}.Release|Any CPU.ActiveCfg = Release|Any CPU
		{E79424D8-F081-64F9-2656-9BEE71626660}.Release|Any CPU.Build.0 = Release|Any CPU
	EndGlobalSection
	GlobalSection(SolutionProperties) = preSolution
		HideSolutionNode = FALSE
	EndGlobalSection
EndGlobal
